{
  "name": "ejemplomoduloterceros",
  "version": "1.0.0",
  "lockfileVersion": 2,
  "requires": true,
  "packages": {
    "": {
      "name": "ejemplomoduloterceros",
      "version": "1.0.0",
      "license": "ISC",
      "dependencies": {
        "inspirational-quotes": "^2.0.1"
      }
    },
    "node_modules/inspirational-quotes": {
      "version": "2.0.1",
      "resolved": "https://registry.npmjs.org/inspirational-quotes/-/inspirational-quotes-2.0.1.tgz",
      "integrity": "sha512-IYJEdSUphF4HOoOiABua2l7aUZ2OBTc/NpihPuENF3ieXEBuywOTtYle7zzvZfEJKouG9utOwQpMQtm0GIB2BQ=="
    }
  },
  "dependencies": {
    "inspirational-quotes": {
      "version": "2.0.1",
      "resolved": "https://registry.npmjs.org/inspirational-quotes/-/inspirational-quotes-2.0.1.tgz",
      "integrity": "sha512-IYJEdSUphF4HOoOiABua2l7aUZ2OBTc/NpihPuENF3ieXEBuywOTtYle7zzvZfEJKouG9utOwQpMQtm0GIB2BQ=="
    }
  }
}
